
Microsoft Visual Studio Solution File, Format Version 12.00
# Visual Studio Version 17
VisualStudioVersion = 17.1.32407.343
MinimumVisualStudioVersion = 10.0.40219.1
Project("{FAE04EC0-301F-11D3-BF4B-00C04F79EFBC}") = "TiendaOnline", "TiendaOnline\TiendaOnline.csproj", "{BD1E5C70-1E98-4054-86EE-9AE49F4A678D}"
EndProject
Global
	GlobalSection(SolutionConfigurationPlatforms) = preSolution
		Debug|Any CPU = Debug|Any CPU
		Release|Any CPU = Release|Any CPU
	EndGlobalSection
	GlobalSection(ProjectConfigurationPlatforms) = postSolution
		{BD1E5C70-1E98-4054-86EE-9AE49F4A678D}.Debug|Any CPU.ActiveCfg = Debug|Any CPU
		{BD1E5C70-1E98-4054-86EE-9AE49F4A678D}.Debug|Any CPU.Build.0 = Debug|Any CPU
		{BD1E5C70-1E98-4054-86EE-9AE49F4A678D}.Release|Any CPU.ActiveCfg = Release|Any CPU
		{BD1E5C70-1E98-4054-86EE-9AE49F4A678D}.Release|Any CPU.Build.0 = Release|Any CPU
	EndGlobalSection
	GlobalSection(SolutionProperties) = preSolution
		HideSolutionNode = FALSE
	EndGlobalSection
	GlobalSection(ExtensibilityGlobals) = postSolution
		SolutionGuid = {0A15AA61-EB35-475A-894C-5F617C4E7497}
	EndGlobalSection
EndGlobal
